
Microsoft Visual Studio Solution File, Format Version 12.00
# Visual Studio 14
VisualStudioVersion = 14.0.24720.0
MinimumVisualStudioVersion = 10.0.40219.1
Project("{FAE04EC0-301F-11D3-BF4B-00C04F79EFBC}") = "asthanarht.code.lingua.Droid", "asthanarht.code.lingua\asthanarht.code.lingua.Droid\asthanarht.code.lingua.Droid.csproj", "{96C2891C-F705-4EC4-A99E-F8E334F5EB7B}"
EndProject
Project("{FAE04EC0-301F-11D3-BF4B-00C04F79EFBC}") = "asthanarht.code.lingua.iOS", "asthanarht.code.lingua\asthanarht.code.lingua.iOS\asthanarht.code.lingua.iOS.csproj", "{C43B82E4-C4C0-4381-81CA-EDB3A75C206E}"
EndProject
Project("{FAE04EC0-301F-11D3-BF4B-00C04F79EFBC}") = "asthanarht.code.lingua.WinPhone", "asthanarht.code.lingua\asthanarht.code.lingua.WinPhone\asthanarht.code.lingua.WinPhone.csproj", "{467F309C-C201-4F86-87ED-CDB93D8D5381}"
EndProject
Project("{FAE04EC0-301F-11D3-BF4B-00C04F79EFBC}") = "asthanarht.code.lingua.Windows", "asthanarht.code.lingua\asthanarht.code.lingua.Windows\asthanarht.code.lingua.Windows.csproj", "{D25AE925-4F67-4719-B5B3-AA3C0E903EE9}"
EndProject
Project("{FAE04EC0-301F-11D3-BF4B-00C04F79EFBC}") = "asthanarht.code.lingua", "asthanarht.code.lingua\asthanarht.code.lingua\asthanarht.code.lingua.csproj", "{E1269E7A-1CDB-44D3-81CA-9CF9725F0C44}"
EndProject
Global
	GlobalSection(SolutionConfigurationPlatforms) = preSolution
		Ad-Hoc|Any CPU = Ad-Hoc|Any CPU
		Ad-Hoc|ARM = Ad-Hoc|ARM
		Ad-Hoc|iPhone = Ad-Hoc|iPhone
		Ad-Hoc|iPhoneSimulator = Ad-Hoc|iPhoneSimulator
		Ad-Hoc|x64 = Ad-Hoc|x64
		Ad-Hoc|x86 = Ad-Hoc|x86
		AppStore|Any CPU = AppStore|Any CPU
		AppStore|ARM = AppStore|ARM
		AppStore|iPhone = AppStore|iPhone
		AppStore|iPhoneSimulator = AppStore|iPhoneSimulator
		AppStore|x64 = AppStore|x64
		AppStore|x86 = AppStore|x86
		Debug|Any CPU = Debug|Any CPU
		Debug|ARM = Debug|ARM
		Debug|iPhone = Debug|iPhone
		Debug|iPhoneSimulator = Debug|iPhoneSimulator
		Debug|x64 = Debug|x64
		Debug|x86 = Debug|x86
		Release|Any CPU = Release|Any CPU
		Release|ARM = Release|ARM
		Release|iPhone = Release|iPhone
		Release|iPhoneSimulator = Release|iPhoneSimulator
		Release|x64 = Release|x64
		Release|x86 = Release|x86
	EndGlobalSection
	GlobalSection(ProjectConfigurationPlatforms) = postSolution
		{96C2891C-F705-4EC4-A99E-F8E334F5EB7B}.Ad-Hoc|Any CPU.ActiveCfg = Release|Any CPU
		{96C2891C-F705-4EC4-A99E-F8E334F5EB7B}.Ad-Hoc|Any CPU.Build.0 = Release|Any CPU
		{96C2891C-F705-4EC4-A99E-F8E334F5EB7B}.Ad-Hoc|Any CPU.Deploy.0 = Release|Any CPU
		{96C2891C-F705-4EC4-A99E-F8E334F5EB7B}.Ad-Hoc|ARM.ActiveCfg = Release|Any CPU
		{96C2891C-F705-4EC4-A99E-F8E334F5EB7B}.Ad-Hoc|ARM.Build.0 = Release|Any CPU
		{96C2891C-F705-4EC4-A99E-F8E334F5EB7B}.Ad-Hoc|ARM.Deploy.0 = Release|Any CPU
		{96C2891C-F705-4EC4-A99E-F8E334F5EB7B}.Ad-Hoc|iPhone.ActiveCfg = Release|Any CPU
		{96C2891C-F705-4EC4-A99E-F8E334F5EB7B}.Ad-Hoc|iPhone.Build.0 = Release|Any CPU
		{96C2891C-F705-4EC4-A99E-F8E334F5EB7B}.Ad-Hoc|iPhone.Deploy.0 = Release|Any CPU
		{96C2891C-F705-4EC4-A99E-F8E334F5EB7B}.Ad-Hoc|iPhoneSimulator.ActiveCfg = Release|Any CPU
		{96C2891C-F705-4EC4-A99E-F8E334F5EB7B}.Ad-Hoc|iPhoneSimulator.Build.0 = Release|Any CPU
		{96C2891C-F705-4EC4-A99E-F8E334F5EB7B}.Ad-Hoc|iPhoneSimulator.Deploy.0 = Release|Any CPU
		{96C2891C-F705-4EC4-A99E-F8E334F5EB7B}.Ad-Hoc|x64.ActiveCfg = Release|Any CPU
		{96C2891C-F705-4EC4-A99E-F8E334F5EB7B}.Ad-Hoc|x64.Build.0 = Release|Any CPU
		{96C2891C-F705-4EC4-A99E-F8E334F5EB7B}.Ad-Hoc|x64.Deploy.0 = Release|Any CPU
		{96C2891C-F705-4EC4-A99E-F8E334F5EB7B}.Ad-Hoc|x86.ActiveCfg = Release|Any CPU
		{96C2891C-F705-4EC4-A99E-F8E334F5EB7B}.Ad-Hoc|x86.Build.0 = Release|Any CPU
		{96C2891C-F705-4EC4-A99E-F8E334F5EB7B}.Ad-Hoc|x86.Deploy.0 = Release|Any CPU
		{96C2891C-F705-4EC4-A99E-F8E334F5EB7B}.AppStore|Any CPU.ActiveCfg = Release|Any CPU
		{96C2891C-F705-4EC4-A99E-F8E334F5EB7B}.AppStore|Any CPU.Build.0 = Release|Any CPU
		{96C2891C-F705-4EC4-A99E-F8E334F5EB7B}.AppStore|Any CPU.Deploy.0 = Release|Any CPU
		{96C2891C-F705-4EC4-A99E-F8E334F5EB7B}.AppStore|ARM.ActiveCfg = Release|Any CPU
		{96C2891C-F705-4EC4-A99E-F8E334F5EB7B}.AppStore|ARM.Build.0 = Release|Any CPU
		{96C2891C-F705-4EC4-A99E-F8E334F5EB7B}.AppStore|ARM.Deploy.0 = Release|Any CPU
		{96C2891C-F705-4EC4-A99E-F8E334F5EB7B}.AppStore|iPhone.ActiveCfg = Release|Any CPU
		{96C2891C-F705-4EC4-A99E-F8E334F5EB7B}.AppStore|iPhone.Build.0 = Release|Any CPU
		{96C2891C-F705-4EC4-A99E-F8E334F5EB7B}.AppStore|iPhone.Deploy.0 = Release|Any CPU
		{96C2891C-F705-4EC4-A99E-F8E334F5EB7B}.AppStore|iPhoneSimulator.ActiveCfg = Release|Any CPU
		{96C2891C-F705-4EC4-A99E-F8E334F5EB7B}.AppStore|iPhoneSimulator.Build.0 = Release|Any CPU
		{96C2891C-F705-4EC4-A99E-F8E334F5EB7B}.AppStore|iPhoneSimulator.Deploy.0 = Release|Any CPU
		{96C2891C-F705-4EC4-A99E-F8E334F5EB7B}.AppStore|x64.ActiveCfg = Release|Any CPU
		{96C2891C-F705-4EC4-A99E-F8E334F5EB7B}.AppStore|x64.Build.0 = Release|Any CPU
		{96C2891C-F705-4EC4-A99E-F8E334F5EB7B}.AppStore|x64.Deploy.0 = Release|Any CPU
		{96C2891C-F705-4EC4-A99E-F8E334F5EB7B}.AppStore|x86.ActiveCfg = Release|Any CPU
		{96C2891C-F705-4EC4-A99E-F8E334F5EB7B}.AppStore|x86.Build.0 = Release|Any CPU
		{96C2891C-F705-4EC4-A99E-F8E334F5EB7B}.AppStore|x86.Deploy.0 = Release|Any CPU
		{96C2891C-F705-4EC4-A99E-F8E334F5EB7B}.Debug|Any CPU.ActiveCfg = Debug|Any CPU
		{96C2891C-F705-4EC4-A99E-F8E334F5EB7B}.Debug|Any CPU.Build.0 = Debug|Any CPU
		{96C2891C-F705-4EC4-A99E-F8E334F5EB7B}.Debug|Any CPU.Deploy.0 = Debug|Any CPU
		{96C2891C-F705-4EC4-A99E-F8E334F5EB7B}.Debug|ARM.ActiveCfg = Debug|Any CPU
		{96C2891C-F705-4EC4-A99E-F8E334F5EB7B}.Debug|ARM.Build.0 = Debug|Any CPU
		{96C2891C-F705-4EC4-A99E-F8E334F5EB7B}.Debug|ARM.Deploy.0 = Debug|Any CPU
		{96C2891C-F705-4EC4-A99E-F8E334F5EB7B}.Debug|iPhone.ActiveCfg = Debug|Any CPU
		{96C2891C-F705-4EC4-A99E-F8E334F5EB7B}.Debug|iPhone.Build.0 = Debug|Any CPU
		{96C2891C-F705-4EC4-A99E-F8E334F5EB7B}.Debug|iPhone.Deploy.0 = Debug|Any CPU
		{96C2891C-F705-4EC4-A99E-F8E334F5EB7B}.Debug|iPhoneSimulator.ActiveCfg = Debug|Any CPU
		{96C2891C-F705-4EC4-A99E-F8E334F5EB7B}.Debug|iPhoneSimulator.Build.0 = Debug|Any CPU
		{96C2891C-F705-4EC4-A99E-F8E334F5EB7B}.Debug|iPhoneSimulator.Deploy.0 = Debug|Any CPU
		{96C2891C-F705-4EC4-A99E-F8E334F5EB7B}.Debug|x64.ActiveCfg = Debug|Any CPU
		{96C2891C-F705-4EC4-A99E-F8E334F5EB7B}.Debug|x64.Build.0 = Debug|Any CPU
		{96C2891C-F705-4EC4-A99E-F8E334F5EB7B}.Debug|x64.Deploy.0 = Debug|Any CPU
		{96C2891C-F705-4EC4-A99E-F8E334F5EB7B}.Debug|x86.ActiveCfg = Debug|Any CPU
		{96C2891C-F705-4EC4-A99E-F8E334F5EB7B}.Debug|x86.Build.0 = Debug|Any CPU
		{96C2891C-F705-4EC4-A99E-F8E334F5EB7B}.Debug|x86.Deploy.0 = Debug|Any CPU
		{96C2891C-F705-4EC4-A99E-F8E334F5EB7B}.Release|Any CPU.ActiveCfg = Release|Any CPU
		{96C2891C-F705-4EC4-A99E-F8E334F5EB7B}.Release|Any CPU.Build.0 = Release|Any CPU
		{96C2891C-F705-4EC4-A99E-F8E334F5EB7B}.Release|Any CPU.Deploy.0 = Release|Any CPU
		{96C2891C-F705-4EC4-A99E-F8E334F5EB7B}.Release|ARM.ActiveCfg = Release|Any CPU
		{96C2891C-F705-4EC4-A99E-F8E334F5EB7B}.Release|ARM.Build.0 = Release|Any CPU
		{96C2891C-F705-4EC4-A99E-F8E334F5EB7B}.Release|ARM.Deploy.0 = Release|Any CPU
		{96C2891C-F705-4EC4-A99E-F8E334F5EB7B}.Release|iPhone.ActiveCfg = Release|Any CPU
		{96C2891C-F705-4EC4-A99E-F8E334F5EB7B}.Release|iPhone.Build.0 = Release|Any CPU
		{96C2891C-F705-4EC4-A99E-F8E334F5EB7B}.Release|iPhone.Deploy.0 = Release|Any CPU
		{96C2891C-F705-4EC4-A99E-F8E334F5EB7B}.Release|iPhoneSimulator.ActiveCfg = Release|Any CPU
		{96C2891C-F705-4EC4-A99E-F8E334F5EB7B}.Release|iPhoneSimulator.Build.0 = Release|Any CPU
		{96C2891C-F705-4EC4-A99E-F8E334F5EB7B}.Release|iPhoneSimulator.Deploy.0 = Release|Any CPU
		{96C2891C-F705-4EC4-A99E-F8E334F5EB7B}.Release|x64.ActiveCfg = Release|Any CPU
		{96C2891C-F705-4EC4-A99E-F8E334F5EB7B}.Release|x64.Build.0 = Release|Any CPU
		{96C2891C-F705-4EC4-A99E-F8E334F5EB7B}.Release|x64.Deploy.0 = Release|Any CPU
		{96C2891C-F705-4EC4-A99E-F8E334F5EB7B}.Release|x86.ActiveCfg = Release|Any CPU
		{96C2891C-F705-4EC4-A99E-F8E334F5EB7B}.Release|x86.Build.0 = Release|Any CPU
		{96C2891C-F705-4EC4-A99E-F8E334F5EB7B}.Release|x86.Deploy.0 = Release|Any CPU
		{C43B82E4-C4C0-4381-81CA-EDB3A75C206E}.Ad-Hoc|Any CPU.ActiveCfg = Ad-Hoc|iPhone
		{C43B82E4-C4C0-4381-81CA-EDB3A75C206E}.Ad-Hoc|ARM.ActiveCfg = Ad-Hoc|iPhone
		{C43B82E4-C4C0-4381-81CA-EDB3A75C206E}.Ad-Hoc|iPhone.ActiveCfg = Ad-Hoc|iPhone
		{C43B82E4-C4C0-4381-81CA-EDB3A75C206E}.Ad-Hoc|iPhone.Build.0 = Ad-Hoc|iPhone
		{C43B82E4-C4C0-4381-81CA-EDB3A75C206E}.Ad-Hoc|iPhoneSimulator.ActiveCfg = Ad-Hoc|iPhoneSimulator
		{C43B82E4-C4C0-4381-81CA-EDB3A75C206E}.Ad-Hoc|iPhoneSimulator.Build.0 = Ad-Hoc|iPhoneSimulator
		{C43B82E4-C4C0-4381-81CA-EDB3A75C206E}.Ad-Hoc|x64.ActiveCfg = Ad-Hoc|iPhone
		{C43B82E4-C4C0-4381-81CA-EDB3A75C206E}.Ad-Hoc|x86.ActiveCfg = Ad-Hoc|iPhone
		{C43B82E4-C4C0-4381-81CA-EDB3A75C206E}.AppStore|Any CPU.ActiveCfg = AppStore|iPhone
		{C43B82E4-C4C0-4381-81CA-EDB3A75C206E}.AppStore|ARM.ActiveCfg = AppStore|iPhone
		{C43B82E4-C4C0-4381-81CA-EDB3A75C206E}.AppStore|iPhone.ActiveCfg = AppStore|iPhone
		{C43B82E4-C4C0-4381-81CA-EDB3A75C206E}.AppStore|iPhone.Build.0 = AppStore|iPhone
		{C43B82E4-C4C0-4381-81CA-EDB3A75C206E}.AppStore|iPhoneSimulator.ActiveCfg = AppStore|iPhoneSimulator
		{C43B82E4-C4C0-4381-81CA-EDB3A75C206E}.AppStore|iPhoneSimulator.Build.0 = AppStore|iPhoneSimulator
		{C43B82E4-C4C0-4381-81CA-EDB3A75C206E}.AppStore|x64.ActiveCfg = AppStore|iPhone
		{C43B82E4-C4C0-4381-81CA-EDB3A75C206E}.AppStore|x86.ActiveCfg = AppStore|iPhone
		{C43B82E4-C4C0-4381-81CA-EDB3A75C206E}.Debug|Any CPU.ActiveCfg = Debug|iPhone
		{C43B82E4-C4C0-4381-81CA-EDB3A75C206E}.Debug|ARM.ActiveCfg = Debug|iPhone
		{C43B82E4-C4C0-4381-81CA-EDB3A75C206E}.Debug|iPhone.ActiveCfg = Debug|iPhone
		{C43B82E4-C4C0-4381-81CA-EDB3A75C206E}.Debug|iPhone.Build.0 = Debug|iPhone
		{C43B82E4-C4C0-4381-81CA-EDB3A75C206E}.Debug|iPhoneSimulator.ActiveCfg = Debug|iPhoneSimulator
		{C43B82E4-C4C0-4381-81CA-EDB3A75C206E}.Debug|iPhoneSimulator.Build.0 = Debug|iPhoneSimulator
		{C43B82E4-C4C0-4381-81CA-EDB3A75C206E}.Debug|x64.ActiveCfg = Debug|iPhone
		{C43B82E4-C4C0-4381-81CA-EDB3A75C206E}.Debug|x86.ActiveCfg = Debug|iPhone
		{C43B82E4-C4C0-4381-81CA-EDB3A75C206E}.Release|Any CPU.ActiveCfg = Release|iPhone
		{C43B82E4-C4C0-4381-81CA-EDB3A75C206E}.Release|ARM.ActiveCfg = Release|iPhone
		{C43B82E4-C4C0-4381-81CA-EDB3A75C206E}.Release|iPhone.ActiveCfg = Release|iPhone
		{C43B82E4-C4C0-4381-81CA-EDB3A75C206E}.Release|iPhone.Build.0 = Release|iPhone
		{C43B82E4-C4C0-4381-81CA-EDB3A75C206E}.Release|iPhoneSimulator.ActiveCfg = Release|iPhoneSimulator
		{C43B82E4-C4C0-4381-81CA-EDB3A75C206E}.Release|iPhoneSimulator.Build.0 = Release|iPhoneSimulator
		{C43B82E4-C4C0-4381-81CA-EDB3A75C206E}.Release|x64.ActiveCfg = Release|iPhone
		{C43B82E4-C4C0-4381-81CA-EDB3A75C206E}.Release|x86.ActiveCfg = Release|iPhone
		{467F309C-C201-4F86-87ED-CDB93D8D5381}.Ad-Hoc|Any CPU.ActiveCfg = Release|Any CPU
		{467F309C-C201-4F86-87ED-CDB93D8D5381}.Ad-Hoc|Any CPU.Build.0 = Release|Any CPU
		{467F309C-C201-4F86-87ED-CDB93D8D5381}.Ad-Hoc|Any CPU.Deploy.0 = Release|Any CPU
		{467F309C-C201-4F86-87ED-CDB93D8D5381}.Ad-Hoc|ARM.ActiveCfg = Release|ARM
		{467F309C-C201-4F86-87ED-CDB93D8D5381}.Ad-Hoc|ARM.Build.0 = Release|ARM
		{467F309C-C201-4F86-87ED-CDB93D8D5381}.Ad-Hoc|ARM.Deploy.0 = Release|ARM
		{467F309C-C201-4F86-87ED-CDB93D8D5381}.Ad-Hoc|iPhone.ActiveCfg = Release|Any CPU
		{467F309C-C201-4F86-87ED-CDB93D8D5381}.Ad-Hoc|iPhone.Build.0 = Release|Any CPU
		{467F309C-C201-4F86-87ED-CDB93D8D5381}.Ad-Hoc|iPhone.Deploy.0 = Release|Any CPU
		{467F309C-C201-4F86-87ED-CDB93D8D5381}.Ad-Hoc|iPhoneSimulator.ActiveCfg = Release|Any CPU
		{467F309C-C201-4F86-87ED-CDB93D8D5381}.Ad-Hoc|iPhoneSimulator.Build.0 = Release|Any CPU
		{467F309C-C201-4F86-87ED-CDB93D8D5381}.Ad-Hoc|iPhoneSimulator.Deploy.0 = Release|Any CPU
		{467F309C-C201-4F86-87ED-CDB93D8D5381}.Ad-Hoc|x64.ActiveCfg = Release|Any CPU
		{467F309C-C201-4F86-87ED-CDB93D8D5381}.Ad-Hoc|x64.Build.0 = Release|Any CPU
		{467F309C-C201-4F86-87ED-CDB93D8D5381}.Ad-Hoc|x64.Deploy.0 = Release|Any CPU
		{467F309C-C201-4F86-87ED-CDB93D8D5381}.Ad-Hoc|x86.ActiveCfg = Release|x86
		{467F309C-C201-4F86-87ED-CDB93D8D5381}.Ad-Hoc|x86.Build.0 = Release|x86
		{467F309C-C201-4F86-87ED-CDB93D8D5381}.Ad-Hoc|x86.Deploy.0 = Release|x86
		{467F309C-C201-4F86-87ED-CDB93D8D5381}.AppStore|Any CPU.ActiveCfg = Release|Any CPU
		{467F309C-C201-4F86-87ED-CDB93D8D5381}.AppStore|Any CPU.Build.0 = Release|Any CPU
		{467F309C-C201-4F86-87ED-CDB93D8D5381}.AppStore|Any CPU.Deploy.0 = Release|Any CPU
		{467F309C-C201-4F86-87ED-CDB93D8D5381}.AppStore|ARM.ActiveCfg = Release|ARM
		{467F309C-C201-4F86-87ED-CDB93D8D5381}.AppStore|ARM.Build.0 = Release|ARM
		{467F309C-C201-4F86-87ED-CDB93D8D5381}.AppStore|ARM.Deploy.0 = Release|ARM
		{467F309C-C201-4F86-87ED-CDB93D8D5381}.AppStore|iPhone.ActiveCfg = Release|Any CPU
		{467F309C-C201-4F86-87ED-CDB93D8D5381}.AppStore|iPhone.Build.0 = Release|Any CPU
		{467F309C-C201-4F86-87ED-CDB93D8D5381}.AppStore|iPhone.Deploy.0 = Release|Any CPU
		{467F309C-C201-4F86-87ED-CDB93D8D5381}.AppStore|iPhoneSimulator.ActiveCfg = Release|Any CPU
		{467F309C-C201-4F86-87ED-CDB93D8D5381}.AppStore|iPhoneSimulator.Build.0 = Release|Any CPU
		{467F309C-C201-4F86-87ED-CDB93D8D5381}.AppStore|iPhoneSimulator.Deploy.0 = Release|Any CPU
		{467F309C-C201-4F86-87ED-CDB93D8D5381}.AppStore|x64.ActiveCfg = Release|Any CPU
		{467F309C-C201-4F86-87ED-CDB93D8D5381}.AppStore|x64.Build.0 = Release|Any CPU
		{467F309C-C201-4F86-87ED-CDB93D8D5381}.AppStore|x64.Deploy.0 = Release|Any CPU
		{467F309C-C201-4F86-87ED-CDB93D8D5381}.AppStore|x86.ActiveCfg = Release|x86
		{467F309C-C201-4F86-87ED-CDB93D8D5381}.AppStore|x86.Build.0 = Release|x86
		{467F309C-C201-4F86-87ED-CDB93D8D5381}.AppStore|x86.Deploy.0 = Release|x86
		{467F309C-C201-4F86-87ED-CDB93D8D5381}.Debug|Any CPU.ActiveCfg = Debug|Any CPU
		{467F309C-C201-4F86-87ED-CDB93D8D5381}.Debug|Any CPU.Build.0 = Debug|Any CPU
		{467F309C-C201-4F86-87ED-CDB93D8D5381}.Debug|Any CPU.Deploy.0 = Debug|Any CPU
		{467F309C-C201-4F86-87ED-CDB93D8D5381}.Debug|ARM.ActiveCfg = Debug|ARM
		{467F309C-C201-4F86-87ED-CDB93D8D5381}.Debug|ARM.Build.0 = Debug|ARM
		{467F309C-C201-4F86-87ED-CDB93D8D5381}.Debug|ARM.Deploy.0 = Debug|ARM
		{467F309C-C201-4F86-87ED-CDB93D8D5381}.Debug|iPhone.ActiveCfg = Debug|Any CPU
		{467F309C-C201-4F86-87ED-CDB93D8D5381}.Debug|iPhone.Build.0 = Debug|Any CPU
		{467F309C-C201-4F86-87ED-CDB93D8D5381}.Debug|iPhone.Deploy.0 = Debug|Any CPU
		{467F309C-C201-4F86-87ED-CDB93D8D5381}.Debug|iPhoneSimulator.ActiveCfg = Debug|Any CPU
		{467F309C-C201-4F86-87ED-CDB93D8D5381}.Debug|iPhoneSimulator.Build.0 = Debug|Any CPU
		{467F309C-C201-4F86-87ED-CDB93D8D5381}.Debug|iPhoneSimulator.Deploy.0 = Debug|Any CPU
		{467F309C-C201-4F86-87ED-CDB93D8D5381}.Debug|x64.ActiveCfg = Debug|Any CPU
		{467F309C-C201-4F86-87ED-CDB93D8D5381}.Debug|x64.Build.0 = Debug|Any CPU
		{467F309C-C201-4F86-87ED-CDB93D8D5381}.Debug|x64.Deploy.0 = Debug|Any CPU
		{467F309C-C201-4F86-87ED-CDB93D8D5381}.Debug|x86.ActiveCfg = Debug|x86
		{467F309C-C201-4F86-87ED-CDB93D8D5381}.Debug|x86.Build.0 = Debug|x86
		{467F309C-C201-4F86-87ED-CDB93D8D5381}.Debug|x86.Deploy.0 = Debug|x86
		{467F309C-C201-4F86-87ED-CDB93D8D5381}.Release|Any CPU.ActiveCfg = Release|Any CPU
		{467F309C-C201-4F86-87ED-CDB93D8D5381}.Release|Any CPU.Build.0 = Release|Any CPU
		{467F309C-C201-4F86-87ED-CDB93D8D5381}.Release|Any CPU.Deploy.0 = Release|Any CPU
		{467F309C-C201-4F86-87ED-CDB93D8D5381}.Release|ARM.ActiveCfg = Release|ARM
		{467F309C-C201-4F86-87ED-CDB93D8D5381}.Release|ARM.Build.0 = Release|ARM
		{467F309C-C201-4F86-87ED-CDB93D8D5381}.Release|ARM.Deploy.0 = Release|ARM
		{467F309C-C201-4F86-87ED-CDB93D8D5381}.Release|iPhone.ActiveCfg = Release|Any CPU
		{467F309C-C201-4F86-87ED-CDB93D8D5381}.Release|iPhone.Build.0 = Release|Any CPU
		{467F309C-C201-4F86-87ED-CDB93D8D5381}.Release|iPhone.Deploy.0 = Release|Any CPU
		{467F309C-C201-4F86-87ED-CDB93D8D5381}.Release|iPhoneSimulator.ActiveCfg = Release|Any CPU
		{467F309C-C201-4F86-87ED-CDB93D8D5381}.Release|iPhoneSimulator.Build.0 = Release|Any CPU
		{467F309C-C201-4F86-87ED-CDB93D8D5381}.Release|iPhoneSimulator.Deploy.0 = Release|Any CPU
		{467F309C-C201-4F86-87ED-CDB93D8D5381}.Release|x64.ActiveCfg = Release|Any CPU
		{467F309C-C201-4F86-87ED-CDB93D8D5381}.Release|x64.Build.0 = Release|Any CPU
		{467F309C-C201-4F86-87ED-CDB93D8D5381}.Release|x64.Deploy.0 = Release|Any CPU
		{467F309C-C201-4F86-87ED-CDB93D8D5381}.Release|x86.ActiveCfg = Release|x86
		{467F309C-C201-4F86-87ED-CDB93D8D5381}.Release|x86.Build.0 = Release|x86
		{467F309C-C201-4F86-87ED-CDB93D8D5381}.Release|x86.Deploy.0 = Release|x86
		{D25AE925-4F67-4719-B5B3-AA3C0E903EE9}.Ad-Hoc|Any CPU.ActiveCfg = Release|Any CPU
		{D25AE925-4F67-4719-B5B3-AA3C0E903EE9}.Ad-Hoc|Any CPU.Build.0 = Release|Any CPU
		{D25AE925-4F67-4719-B5B3-AA3C0E903EE9}.Ad-Hoc|Any CPU.Deploy.0 = Release|Any CPU
		{D25AE925-4F67-4719-B5B3-AA3C0E903EE9}.Ad-Hoc|ARM.ActiveCfg = Release|ARM
		{D25AE925-4F67-4719-B5B3-AA3C0E903EE9}.Ad-Hoc|ARM.Build.0 = Release|ARM
		{D25AE925-4F67-4719-B5B3-AA3C0E903EE9}.Ad-Hoc|ARM.Deploy.0 = Release|ARM
		{D25AE925-4F67-4719-B5B3-AA3C0E903EE9}.Ad-Hoc|iPhone.ActiveCfg = Release|Any CPU
		{D25AE925-4F67-4719-B5B3-AA3C0E903EE9}.Ad-Hoc|iPhone.Build.0 = Release|Any CPU
		{D25AE925-4F67-4719-B5B3-AA3C0E903EE9}.Ad-Hoc|iPhone.Deploy.0 = Release|Any CPU
		{D25AE925-4F67-4719-B5B3-AA3C0E903EE9}.Ad-Hoc|iPhoneSimulator.ActiveCfg = Release|Any CPU
		{D25AE925-4F67-4719-B5B3-AA3C0E903EE9}.Ad-Hoc|iPhoneSimulator.Build.0 = Release|Any CPU
		{D25AE925-4F67-4719-B5B3-AA3C0E903EE9}.Ad-Hoc|iPhoneSimulator.Deploy.0 = Release|Any CPU
		{D25AE925-4F67-4719-B5B3-AA3C0E903EE9}.Ad-Hoc|x64.ActiveCfg = Release|x64
		{D25AE925-4F67-4719-B5B3-AA3C0E903EE9}.Ad-Hoc|x64.Build.0 = Release|x64
		{D25AE925-4F67-4719-B5B3-AA3C0E903EE9}.Ad-Hoc|x64.Deploy.0 = Release|x64
		{D25AE925-4F67-4719-B5B3-AA3C0E903EE9}.Ad-Hoc|x86.ActiveCfg = Release|x86
		{D25AE925-4F67-4719-B5B3-AA3C0E903EE9}.Ad-Hoc|x86.Build.0 = Release|x86
		{D25AE925-4F67-4719-B5B3-AA3C0E903EE9}.Ad-Hoc|x86.Deploy.0 = Release|x86
		{D25AE925-4F67-4719-B5B3-AA3C0E903EE9}.AppStore|Any CPU.ActiveCfg = Release|Any CPU
		{D25AE925-4F67-4719-B5B3-AA3C0E903EE9}.AppStore|Any CPU.Build.0 = Release|Any CPU
		{D25AE925-4F67-4719-B5B3-AA3C0E903EE9}.AppStore|Any CPU.Deploy.0 = Release|Any CPU
		{D25AE925-4F67-4719-B5B3-AA3C0E903EE9}.AppStore|ARM.ActiveCfg = Release|ARM
		{D25AE925-4F67-4719-B5B3-AA3C0E903EE9}.AppStore|ARM.Build.0 = Release|ARM
		{D25AE925-4F67-4719-B5B3-AA3C0E903EE9}.AppStore|ARM.Deploy.0 = Release|ARM
		{D25AE925-4F67-4719-B5B3-AA3C0E903EE9}.AppStore|iPhone.ActiveCfg = Release|Any CPU
		{D25AE925-4F67-4719-B5B3-AA3C0E903EE9}.AppStore|iPhone.Build.0 = Release|Any CPU
		{D25AE925-4F67-4719-B5B3-AA3C0E903EE9}.AppStore|iPhone.Deploy.0 = Release|Any CPU
		{D25AE925-4F67-4719-B5B3-AA3C0E903EE9}.AppStore|iPhoneSimulator.ActiveCfg = Release|Any CPU
		{D25AE925-4F67-4719-B5B3-AA3C0E903EE9}.AppStore|iPhoneSimulator.Build.0 = Release|Any CPU
		{D25AE925-4F67-4719-B5B3-AA3C0E903EE9}.AppStore|iPhoneSimulator.Deploy.0 = Release|Any CPU
		{D25AE925-4F67-4719-B5B3-AA3C0E903EE9}.AppStore|x64.ActiveCfg = Release|x64
		{D25AE925-4F67-4719-B5B3-AA3C0E903EE9}.AppStore|x64.Build.0 = Release|x64
		{D25AE925-4F67-4719-B5B3-AA3C0E903EE9}.AppStore|x64.Deploy.0 = Release|x64
		{D25AE925-4F67-4719-B5B3-AA3C0E903EE9}.AppStore|x86.ActiveCfg = Release|x86
		{D25AE925-4F67-4719-B5B3-AA3C0E903EE9}.AppStore|x86.Build.0 = Release|x86
		{D25AE925-4F67-4719-B5B3-AA3C0E903EE9}.AppStore|x86.Deploy.0 = Release|x86
		{D25AE925-4F67-4719-B5B3-AA3C0E903EE9}.Debug|Any CPU.ActiveCfg = Debug|Any CPU
		{D25AE925-4F67-4719-B5B3-AA3C0E903EE9}.Debug|Any CPU.Build.0 = Debug|Any CPU
		{D25AE925-4F67-4719-B5B3-AA3C0E903EE9}.Debug|Any CPU.Deploy.0 = Debug|Any CPU
		{D25AE925-4F67-4719-B5B3-AA3C0E903EE9}.Debug|ARM.ActiveCfg = Debug|ARM
		{D25AE925-4F67-4719-B5B3-AA3C0E903EE9}.Debug|ARM.Build.0 = Debug|ARM
		{D25AE925-4F67-4719-B5B3-AA3C0E903EE9}.Debug|ARM.Deploy.0 = Debug|ARM
		{D25AE925-4F67-4719-B5B3-AA3C0E903EE9}.Debug|iPhone.ActiveCfg = Debug|Any CPU
		{D25AE925-4F67-4719-B5B3-AA3C0E903EE9}.Debug|iPhone.Build.0 = Debug|Any CPU
		{D25AE925-4F67-4719-B5B3-AA3C0E903EE9}.Debug|iPhone.Deploy.0 = Debug|Any CPU
		{D25AE925-4F67-4719-B5B3-AA3C0E903EE9}.Debug|iPhoneSimulator.ActiveCfg = Debug|Any CPU
		{D25AE925-4F67-4719-B5B3-AA3C0E903EE9}.Debug|iPhoneSimulator.Build.0 = Debug|Any CPU
		{D25AE925-4F67-4719-B5B3-AA3C0E903EE9}.Debug|iPhoneSimulator.Deploy.0 = Debug|Any CPU
		{D25AE925-4F67-4719-B5B3-AA3C0E903EE9}.Debug|x64.ActiveCfg = Debug|x64
		{D25AE925-4F67-4719-B5B3-AA3C0E903EE9}.Debug|x64.Build.0 = Debug|x64
		{D25AE925-4F67-4719-B5B3-AA3C0E903EE9}.Debug|x64.Deploy.0 = Debug|x64
		{D25AE925-4F67-4719-B5B3-AA3C0E903EE9}.Debug|x86.ActiveCfg = Debug|x86
		{D25AE925-4F67-4719-B5B3-AA3C0E903EE9}.Debug|x86.Build.0 = Debug|x86
		{D25AE925-4F67-4719-B5B3-AA3C0E903EE9}.Debug|x86.Deploy.0 = Debug|x86
		{D25AE925-4F67-4719-B5B3-AA3C0E903EE9}.Release|Any CPU.ActiveCfg = Release|Any CPU
		{D25AE925-4F67-4719-B5B3-AA3C0E903EE9}.Release|Any CPU.Build.0 = Release|Any CPU
		{D25AE925-4F67-4719-B5B3-AA3C0E903EE9}.Release|Any CPU.Deploy.0 = Release|Any CPU
		{D25AE925-4F67-4719-B5B3-AA3C0E903EE9}.Release|ARM.ActiveCfg = Release|ARM
		{D25AE925-4F67-4719-B5B3-AA3C0E903EE9}.Release|ARM.Build.0 = Release|ARM
		{D25AE925-4F67-4719-B5B3-AA3C0E903EE9}.Release|ARM.Deploy.0 = Release|ARM
		{D25AE925-4F67-4719-B5B3-AA3C0E903EE9}.Release|iPhone.ActiveCfg = Release|Any CPU
		{D25AE925-4F67-4719-B5B3-AA3C0E903EE9}.Release|iPhone.Build.0 = Release|Any CPU
		{D25AE925-4F67-4719-B5B3-AA3C0E903EE9}.Release|iPhone.Deploy.0 = Release|Any CPU
		{D25AE925-4F67-4719-B5B3-AA3C0E903EE9}.Release|iPhoneSimulator.ActiveCfg = Release|Any CPU
		{D25AE925-4F67-4719-B5B3-AA3C0E903EE9}.Release|iPhoneSimulator.Build.0 = Release|Any CPU
		{D25AE925-4F67-4719-B5B3-AA3C0E903EE9}.Release|iPhoneSimulator.Deploy.0 = Release|Any CPU
		{D25AE925-4F67-4719-B5B3-AA3C0E903EE9}.Release|x64.ActiveCfg = Release|x64
		{D25AE925-4F67-4719-B5B3-AA3C0E903EE9}.Release|x64.Build.0 = Release|x64
		{D25AE925-4F67-4719-B5B3-AA3C0E903EE9}.Release|x64.Deploy.0 = Release|x64
		{D25AE925-4F67-4719-B5B3-AA3C0E903EE9}.Release|x86.ActiveCfg = Release|x86
		{D25AE925-4F67-4719-B5B3-AA3C0E903EE9}.Release|x86.Build.0 = Release|x86
		{D25AE925-4F67-4719-B5B3-AA3C0E903EE9}.Release|x86.Deploy.0 = Release|x86
		{E1269E7A-1CDB-44D3-81CA-9CF9725F0C44}.Ad-Hoc|Any CPU.ActiveCfg = Release|Any CPU
		{E1269E7A-1CDB-44D3-81CA-9CF9725F0C44}.Ad-Hoc|Any CPU.Build.0 = Release|Any CPU
		{E1269E7A-1CDB-44D3-81CA-9CF9725F0C44}.Ad-Hoc|ARM.ActiveCfg = Release|Any CPU
		{E1269E7A-1CDB-44D3-81CA-9CF9725F0C44}.Ad-Hoc|ARM.Build.0 = Release|Any CPU
		{E1269E7A-1CDB-44D3-81CA-9CF9725F0C44}.Ad-Hoc|iPhone.ActiveCfg = Release|Any CPU
		{E1269E7A-1CDB-44D3-81CA-9CF9725F0C44}.Ad-Hoc|iPhone.Build.0 = Release|Any CPU
		{E1269E7A-1CDB-44D3-81CA-9CF9725F0C44}.Ad-Hoc|iPhoneSimulator.ActiveCfg = Release|Any CPU
		{E1269E7A-1CDB-44D3-81CA-9CF9725F0C44}.Ad-Hoc|iPhoneSimulator.Build.0 = Release|Any CPU
		{E1269E7A-1CDB-44D3-81CA-9CF9725F0C44}.Ad-Hoc|x64.ActiveCfg = Release|Any CPU
		{E1269E7A-1CDB-44D3-81CA-9CF9725F0C44}.Ad-Hoc|x64.Build.0 = Release|Any CPU
		{E1269E7A-1CDB-44D3-81CA-9CF9725F0C44}.Ad-Hoc|x86.ActiveCfg = Release|Any CPU
		{E1269E7A-1CDB-44D3-81CA-9CF9725F0C44}.Ad-Hoc|x86.Build.0 = Release|Any CPU
		{E1269E7A-1CDB-44D3-81CA-9CF9725F0C44}.AppStore|Any CPU.ActiveCfg = Release|Any CPU
		{E1269E7A-1CDB-44D3-81CA-9CF9725F0C44}.AppStore|Any CPU.Build.0 = Release|Any CPU
		{E1269E7A-1CDB-44D3-81CA-9CF9725F0C44}.AppStore|ARM.ActiveCfg = Release|Any CPU
		{E1269E7A-1CDB-44D3-81CA-9CF9725F0C44}.AppStore|ARM.Build.0 = Release|Any CPU
		{E1269E7A-1CDB-44D3-81CA-9CF9725F0C44}.AppStore|iPhone.ActiveCfg = Release|Any CPU
		{E1269E7A-1CDB-44D3-81CA-9CF9725F0C44}.AppStore|iPhone.Build.0 = Release|Any CPU
		{E1269E7A-1CDB-44D3-81CA-9CF9725F0C44}.AppStore|iPhoneSimulator.ActiveCfg = Release|Any CPU
		{E1269E7A-1CDB-44D3-81CA-9CF9725F0C44}.AppStore|iPhoneSimulator.Build.0 = Release|Any CPU
		{E1269E7A-1CDB-44D3-81CA-9CF9725F0C44}.AppStore|x64.ActiveCfg = Release|Any CPU
		{E1269E7A-1CDB-44D3-81CA-9CF9725F0C44}.AppStore|x64.Build.0 = Release|Any CPU
		{E1269E7A-1CDB-44D3-81CA-9CF9725F0C44}.AppStore|x86.ActiveCfg = Release|Any CPU
		{E1269E7A-1CDB-44D3-81CA-9CF9725F0C44}.AppStore|x86.Build.0 = Release|Any CPU
		{E1269E7A-1CDB-44D3-81CA-9CF9725F0C44}.Debug|Any CPU.ActiveCfg = Debug|Any CPU
		{E1269E7A-1CDB-44D3-81CA-9CF9725F0C44}.Debug|Any CPU.Build.0 = Debug|Any CPU
		{E1269E7A-1CDB-44D3-81CA-9CF9725F0C44}.Debug|ARM.ActiveCfg = Debug|Any CPU
		{E1269E7A-1CDB-44D3-81CA-9CF9725F0C44}.Debug|ARM.Build.0 = Debug|Any CPU
		{E1269E7A-1CDB-44D3-81CA-9CF9725F0C44}.Debug|iPhone.ActiveCfg = Debug|Any CPU
		{E1269E7A-1CDB-44D3-81CA-9CF9725F0C44}.Debug|iPhone.Build.0 = Debug|Any CPU
		{E1269E7A-1CDB-44D3-81CA-9CF9725F0C44}.Debug|iPhoneSimulator.ActiveCfg = Debug|Any CPU
		{E1269E7A-1CDB-44D3-81CA-9CF9725F0C44}.Debug|iPhoneSimulator.Build.0 = Debug|Any CPU
		{E1269E7A-1CDB-44D3-81CA-9CF9725F0C44}.Debug|x64.ActiveCfg = Debug|Any CPU
		{E1269E7A-1CDB-44D3-81CA-9CF9725F0C44}.Debug|x64.Build.0 = Debug|Any CPU
		{E1269E7A-1CDB-44D3-81CA-9CF9725F0C44}.Debug|x86.ActiveCfg = Debug|Any CPU
		{E1269E7A-1CDB-44D3-81CA-9CF9725F0C44}.Debug|x86.Build.0 = Debug|Any CPU
		{E1269E7A-1CDB-44D3-81CA-9CF9725F0C44}.Release|Any CPU.ActiveCfg = Release|Any CPU
		{E1269E7A-1CDB-44D3-81CA-9CF9725F0C44}.Release|Any CPU.Build.0 = Release|Any CPU
		{E1269E7A-1CDB-44D3-81CA-9CF9725F0C44}.Release|ARM.ActiveCfg = Release|Any CPU
		{E1269E7A-1CDB-44D3-81CA-9CF9725F0C44}.Release|ARM.Build.0 = Release|Any CPU
		{E1269E7A-1CDB-44D3-81CA-9CF9725F0C44}.Release|iPhone.ActiveCfg = Release|Any CPU
		{E1269E7A-1CDB-44D3-81CA-9CF9725F0C44}.Release|iPhone.Build.0 = Release|Any CPU
		{E1269E7A-1CDB-44D3-81CA-9CF9725F0C44}.Release|iPhoneSimulator.ActiveCfg = Release|Any CPU
		{E1269E7A-1CDB-44D3-81CA-9CF9725F0C44}.Release|iPhoneSimulator.Build.0 = Release|Any CPU
		{E1269E7A-1CDB-44D3-81CA-9CF9725F0C44}.Release|x64.ActiveCfg = Release|Any CPU
		{E1269E7A-1CDB-44D3-81CA-9CF9725F0C44}.Release|x64.Build.0 = Release|Any CPU
		{E1269E7A-1CDB-44D3-81CA-9CF9725F0C44}.Release|x86.ActiveCfg = Release|Any CPU
		{E1269E7A-1CDB-44D3-81CA-9CF9725F0C44}.Release|x86.Build.0 = Release|Any CPU
	EndGlobalSection
	GlobalSection(SolutionProperties) = preSolution
		HideSolutionNode = FALSE
	EndGlobalSection
EndGlobal
